<?xml version="1.0" encoding="utf-8"?>
<Project ToolsVersion="4.0" xmlns="http://schemas.microsoft.com/developer/msbuild/2003">
  <ItemGroup>
    <Filter Include="Source Files">
      <UniqueIdentifier>{4FC737F1-C7A5-4376-A066-2A32D752A2FF}</UniqueIdentifier>
      <Extensions>cpp;c;cc;cxx;c++;cppm;ixx;def;odl;idl;hpj;bat;asm;asmx</Extensions>
    </Filter>
    <Filter Include="Header Files">
      <UniqueIdentifier>{93995380-89BD-4b04-88EB-625FBE52EBFB}</UniqueIdentifier>
      <Extensions>h;hh;hpp;hxx;h++;hm;inl;inc;ipp;xsd</Extensions>
    </Filter>
    <Filter Include="Resource Files">
      <UniqueIdentifier>{67DA6AB6-F800-4c08-8B7A-83BB121AAD01}</UniqueIdentifier>
      <Extensions>rc;ico;cur;bmp;dlg;rc2;rct;bin;rgs;gif;jpg;jpeg;jpe;resx;tiff;tif;png;wav;mfcribbon-ms</Extensions>
    </Filter>
    <Filter Include="Header Files\display">
      <UniqueIdentifier>{173c404f-1396-43b1-9fd2-5699286cc6c6}</UniqueIdentifier>
    </Filter>
    <Filter Include="Header Files\graphics">
      <UniqueIdentifier>{1d9bca22-9f5a-4fbb-b40c-36ff1eb2dbb0}</UniqueIdentifier>
    </Filter>
    <Filter Include="Header Files\graphics\backend">
      <UniqueIdentifier>{e277fd98-7ddb-4247-a6f3-e2ba808f8738}</UniqueIdentifier>
    </Filter>
    <Filter Include="Source Files\graphics">
      <UniqueIdentifier>{9f2cb1f1-acdc-4e92-bfd0-ba1617f019df}</UniqueIdentifier>
    </Filter>
    <Filter Include="Source Files\graphics\backend">
      <UniqueIdentifier>{458282ac-13e0-4839-863a-2b1cb34cb698}</UniqueIdentifier>
    </Filter>
    <Filter Include="Header Files\graphics\frontend">
      <UniqueIdentifier>{6e7935c4-b6ec-4ed0-90bd-63a71a1ea80f}</UniqueIdentifier>
    </Filter>
    <Filter Include="Header Files\audio">
      <UniqueIdentifier>{75c3f7c6-dcda-4f0b-82e8-e61e3e8fcfa6}</UniqueIdentifier>
    </Filter>
    <Filter Include="Header Files\audio\backend">
      <UniqueIdentifier>{41d68f86-4f06-46d0-8ddc-972ef29048d5}</UniqueIdentifier>
    </Filter>
    <Filter Include="Header Files\audio\frontend">
      <UniqueIdentifier>{a754d0f6-8853-4035-af1d-65b7db620b37}</UniqueIdentifier>
    </Filter>
    <Filter Include="Source Files\display">
      <UniqueIdentifier>{20766a37-76ad-4b1f-bb75-37bd177e273a}</UniqueIdentifier>
    </Filter>
    <Filter Include="Source Files\audio">
      <UniqueIdentifier>{67725a63-b954-4af1-969b-c410fe60386e}</UniqueIdentifier>
    </Filter>
    <Filter Include="Source Files\graphics\frontend">
      <UniqueIdentifier>{50d2c77b-c123-4243-8c22-d06a004d1f83}</UniqueIdentifier>
    </Filter>
  </ItemGroup>
  <ItemGroup>
    <ClInclude Include="framework.h">
      <Filter>Header Files</Filter>
    </ClInclude>
    <ClInclude Include="pch.h">
      <Filter>Header Files</Filter>
    </ClInclude>
    <ClInclude Include="include\Application.h">
      <Filter>Header Files</Filter>
    </ClInclude>
    <ClInclude Include="include\display\Fps.h">
      <Filter>Header Files\display</Filter>
    </ClInclude>
    <ClInclude Include="include\display\Window.h">
      <Filter>Header Files\display</Filter>
    </ClInclude>
    <ClInclude Include="include\graphics\backend\VBO.hpp">
      <Filter>Header Files\graphics\backend</Filter>
    </ClInclude>
    <ClInclude Include="include\Scene.h">
      <Filter>Header Files</Filter>
    </ClInclude>
    <ClInclude Include="include\ErrorHandler.hpp">
      <Filter>Header Files</Filter>
    </ClInclude>
    <ClInclude Include="include\graphics\backend\VAO.hpp">
      <Filter>Header Files\graphics\backend</Filter>
    </ClInclude>
    <ClInclude Include="include\graphics\backend\ShaderInputLayout.h">
      <Filter>Header Files\graphics\backend</Filter>
    </ClInclude>
    <ClInclude Include="include\graphics\backend\Shader.h">
      <Filter>Header Files\graphics\backend</Filter>
    </ClInclude>
    <ClInclude Include="include\graphics\backend\EBO.hpp">
      <Filter>Header Files\graphics\backend</Filter>
    </ClInclude>
    <ClInclude Include="include\Timer.h">
      <Filter>Header Files</Filter>
    </ClInclude>
    <ClInclude Include="include\Util.h">
      <Filter>Header Files</Filter>
    </ClInclude>
    <ClInclude Include="include\utilities\thread\ResourceManager.h">
      <Filter>Header Files</Filter>
    </ClInclude>
    <ClInclude Include="include\utilities\IDGenerator.h">
      <Filter>Header Files</Filter>
    </ClInclude>
    <ClInclude Include="include\graphics\Drawable.h">
      <Filter>Header Files\graphics\frontend</Filter>
    </ClInclude>
    <ClInclude Include="include\graphics\Renderer.h">
      <Filter>Header Files\graphics\frontend</Filter>
    </ClInclude>
    <ClInclude Include="include\graphics\backend\Texture2D.hpp">
      <Filter>Header Files\graphics\backend</Filter>
    </ClInclude>
    <ClInclude Include="include\stb_image.h">
      <Filter>Header Files\graphics</Filter>
    </ClInclude>
    <ClInclude Include="include\graphics\Vertex.h">
      <Filter>Header Files\graphics\backend</Filter>
    </ClInclude>
    <ClInclude Include="include\audio\backend\ALExt.h">
      <Filter>Header Files\audio\backend</Filter>
    </ClInclude>
    <ClInclude Include="include\Audio.h">
      <Filter>Header Files\audio\frontend</Filter>
    </ClInclude>
    <ClInclude Include="include\audio\Microphone.h">
      <Filter>Header Files\audio\frontend</Filter>
    </ClInclude>
    <ClInclude Include="include\audio\PlaybackDevice.h">
      <Filter>Header Files\audio\backend</Filter>
    </ClInclude>
    <ClInclude Include="include\graphics\backend\ShaderProgram.h">
      <Filter>Header Files\graphics\backend</Filter>
    </ClInclude>
    <ClInclude Include="include\display\WinThread.h">
      <Filter>Header Files\display</Filter>
    </ClInclude>
    <ClInclude Include="include\graphics\TexturedDrawable.h">
      <Filter>Header Files</Filter>
    </ClInclude>
    <ClInclude Include="cpp\stb_image.h">
      <Filter>Header Files</Filter>
    </ClInclude>
    <ClInclude Include="include\audio\backend\SystemEvents.h">
      <Filter>Header Files</Filter>
    </ClInclude>
    <ClInclude Include="include\events\AudioEvent.h">
      <Filter>Header Files</Filter>
    </ClInclude>
    <ClInclude Include="include\events\EventDispatcher.h">
      <Filter>Header Files</Filter>
    </ClInclude>
    <ClInclude Include="include\graphics\Camera.h">
      <Filter>Header Files</Filter>
    </ClInclude>
    <ClInclude Include="include\graphics\PrecompiledShaders.h">
      <Filter>Header Files</Filter>
    </ClInclude>
    <ClInclude Include="include\events\MouseEvent.h">
      <Filter>Header Files</Filter>
    </ClInclude>
    <ClInclude Include="include\utilities\thread\InternalResourceManager.h">
      <Filter>Header Files</Filter>
    </ClInclude>
  </ItemGroup>
  <ItemGroup>
    <ClCompile Include="pch.cpp">
      <Filter>Source Files</Filter>
    </ClCompile>
    <ClCompile Include="cpp\Application.cpp">
      <Filter>Source Files</Filter>
    </ClCompile>
    <ClCompile Include="cpp\Scene.cpp">
      <Filter>Source Files</Filter>
    </ClCompile>
    <ClCompile Include="cpp\graphics\backend\ShaderInputLayout.cpp">
      <Filter>Source Files\graphics\backend</Filter>
    </ClCompile>
    <ClCompile Include="cpp\graphics\backend\Shader.cpp">
      <Filter>Source Files\graphics\backend</Filter>
    </ClCompile>
    <ClCompile Include="cpp\Timer.cpp">
      <Filter>Source Files</Filter>
    </ClCompile>
    <ClCompile Include="cpp\Util.cpp">
      <Filter>Source Files</Filter>
    </ClCompile>
    <ClCompile Include="cpp\Audio.cpp">
      <Filter>Source Files\audio</Filter>
    </ClCompile>
    <ClCompile Include="cpp\display\WinThread.cpp">
      <Filter>Source Files\display</Filter>
    </ClCompile>
    <ClCompile Include="cpp\display\Window.cpp">
      <Filter>Source Files\display</Filter>
    </ClCompile>
    <ClCompile Include="cpp\graphics\backend\ShaderProgram.cpp">
      <Filter>Source Files\graphics\backend</Filter>
    </ClCompile>
    <ClCompile Include="cpp\graphics\Renderer.cpp">
      <Filter>Source Files\graphics\frontend</Filter>
    </ClCompile>
    <ClCompile Include="cpp\display\Fps.cpp">
      <Filter>Source Files\display</Filter>
    </ClCompile>
    <ClCompile Include="cpp\graphics\Drawable.cpp">
      <Filter>Source Files\graphics\frontend</Filter>
    </ClCompile>
    <ClCompile Include="cpp\graphics\TexturedDrawable.cpp">
      <Filter>Source Files</Filter>
    </ClCompile>
    <ClCompile Include="cpp\audio\backend\SystemEvents.cpp">
      <Filter>Source Files</Filter>
    </ClCompile>
    <ClCompile Include="cpp\audio\backend\ALExt.cpp">
      <Filter>Source Files</Filter>
    </ClCompile>
    <ClCompile Include="cpp\graphics\Camera.cpp">
      <Filter>Source Files</Filter>
    </ClCompile>
    <ClCompile Include="cpp\graphics\PrecompiledShaders.cpp">
      <Filter>Source Files</Filter>
    </ClCompile>
    <ClCompile Include="cpp\events\EventDispatcher.cpp">
      <Filter>Source Files</Filter>
    </ClCompile>
  </ItemGroup>
</Project>